
Microsoft Visual Studio Solution File, Format Version 12.00
# Visual Studio Version 17
VisualStudioVersion = 17.11.35303.130
MinimumVisualStudioVersion = 10.0.40219.1
Project("{2150E333-8FDC-42A3-9474-1A3956D46DE8}") = "Task0", "Task0", "{0E39D253-A6EA-4C75-9FAB-0AB13A05168A}"
EndProject
Project("{2150E333-8FDC-42A3-9474-1A3956D46DE8}") = "Task1", "Task1", "{894287A7-0EC7-4C8A-94BB-11526B3C235A}"
EndProject
Project("{2150E333-8FDC-42A3-9474-1A3956D46DE8}") = "Task2", "Task2", "{08ACDDA5-DC3E-429E-9884-935932633F14}"
EndProject
Project("{2150E333-8FDC-42A3-9474-1A3956D46DE8}") = "Task3", "Task3", "{001F63F0-AFAC-44F4-A14D-F231A0E68459}"
EndProject
Project("{2150E333-8FDC-42A3-9474-1A3956D46DE8}") = "Task4", "Task4", "{4C4F6D4F-50AD-4920-94BC-A7C297BA3871}"
EndProject
Project("{2150E333-8FDC-42A3-9474-1A3956D46DE8}") = "Task5", "Task5", "{E386241A-E549-4770-998E-B2C33C7B08F0}"
EndProject
Project("{2150E333-8FDC-42A3-9474-1A3956D46DE8}") = "Task6", "Task6", "{FF976A6A-DA4A-4E17-B537-B288022BAFE7}"
EndProject
Project("{2150E333-8FDC-42A3-9474-1A3956D46DE8}") = "Task7", "Task7", "{3F75A57B-CE85-4839-A69A-39A8A0BDFF8F}"
EndProject
Project("{9A19103F-16F7-4668-BE54-9A1E7A4F7556}") = "Tyuiu.VorobevAD.Sprint3.Task0.V19", "Tyuiu.VorobevAD.Sprint3.Task0.V19\Tyuiu.VorobevAD.Sprint3.Task0.V19.csproj", "{7955A159-30DE-441E-A1DB-8908F70B6179}"
EndProject
Project("{9A19103F-16F7-4668-BE54-9A1E7A4F7556}") = "Tyuiu.VorobevAD.Sprint3.Task0.V19.Lib", "Tyuiu.VorobevAD.Sprint3.Task0.V19.Lib\Tyuiu.VorobevAD.Sprint3.Task0.V19.Lib.csproj", "{BBD09574-2736-44AA-82ED-C022FA48831B}"
EndProject
Project("{9A19103F-16F7-4668-BE54-9A1E7A4F7556}") = "Tyuiu.VorobevAD.Sprint3.Task0.V19.Test", "Tyuiu.VorobevAD.Sprint3.Task0.V19.Test\Tyuiu.VorobevAD.Sprint3.Task0.V19.Test.csproj", "{7AEC4888-58C4-49DF-B34B-EFA9A568B219}"
EndProject
Project("{9A19103F-16F7-4668-BE54-9A1E7A4F7556}") = "Tyuiu.VorobevAD.Sprint3.Task1.V27", "Tyuiu.VorobevAD.Sprint3.Task1.V27\Tyuiu.VorobevAD.Sprint3.Task1.V27.csproj", "{C433BCBD-4D42-41E5-8301-EBD4959DC037}"
EndProject
Project("{9A19103F-16F7-4668-BE54-9A1E7A4F7556}") = "Tyuiu.VorobevAD.Sprint3.Task1.V27.Lib", "Tyuiu.VorobevAD.Sprint3.Task1.V27.Lib\Tyuiu.VorobevAD.Sprint3.Task1.V27.Lib.csproj", "{D2651891-8E25-47BA-BF70-1CE8A6ECA899}"
EndProject
Project("{9A19103F-16F7-4668-BE54-9A1E7A4F7556}") = "Tyuiu.VorobevAD.Sprint3.Task1.V27.Test", "Tyuiu.VorobevAD.Sprint3.Task1.V27.Test\Tyuiu.VorobevAD.Sprint3.Task1.V27.Test.csproj", "{E4C8EAAF-D391-4BFE-874D-40747CA9E606}"
EndProject
Project("{FAE04EC0-301F-11D3-BF4B-00C04F79EFBC}") = "Tyuiu.VorobevAD.Sprint3.Task2.V1", "Tyuiu.VorobevAD.Sprint3.Task2.V1\Tyuiu.VorobevAD.Sprint3.Task2.V1.csproj", "{0E43F3C7-5FA6-4E7D-A95D-E73A5E7D68E9}"
EndProject
Project("{FAE04EC0-301F-11D3-BF4B-00C04F79EFBC}") = "Tyuiu.VorobevAD.Sprint3.Task2.V1.Lib", "Tyuiu.VorobevAD.Sprint3.Task2.V1.Lib\Tyuiu.VorobevAD.Sprint3.Task2.V1.Lib.csproj", "{4169A8B8-C7B6-4865-9A21-18C0A0120590}"
EndProject
Project("{FAE04EC0-301F-11D3-BF4B-00C04F79EFBC}") = "Tyuiu.VorobevAD.Sprint3.Task2.V1.Test", "Tyuiu.VorobevAD.Sprint3.Task2.V1.Test\Tyuiu.VorobevAD.Sprint3.Task2.V1.Test.csproj", "{6E232141-30BC-4E85-9A08-676E4CB9B314}"
EndProject
Global
	GlobalSection(SolutionConfigurationPlatforms) = preSolution
		Debug|Any CPU = Debug|Any CPU
		Release|Any CPU = Release|Any CPU
	EndGlobalSection
	GlobalSection(ProjectConfigurationPlatforms) = postSolution
		{7955A159-30DE-441E-A1DB-8908F70B6179}.Debug|Any CPU.ActiveCfg = Debug|Any CPU
		{7955A159-30DE-441E-A1DB-8908F70B6179}.Debug|Any CPU.Build.0 = Debug|Any CPU
		{7955A159-30DE-441E-A1DB-8908F70B6179}.Release|Any CPU.ActiveCfg = Release|Any CPU
		{7955A159-30DE-441E-A1DB-8908F70B6179}.Release|Any CPU.Build.0 = Release|Any CPU
		{BBD09574-2736-44AA-82ED-C022FA48831B}.Debug|Any CPU.ActiveCfg = Debug|Any CPU
		{BBD09574-2736-44AA-82ED-C022FA48831B}.Debug|Any CPU.Build.0 = Debug|Any CPU
		{BBD09574-2736-44AA-82ED-C022FA48831B}.Release|Any CPU.ActiveCfg = Release|Any CPU
		{BBD09574-2736-44AA-82ED-C022FA48831B}.Release|Any CPU.Build.0 = Release|Any CPU
		{7AEC4888-58C4-49DF-B34B-EFA9A568B219}.Debug|Any CPU.ActiveCfg = Debug|Any CPU
		{7AEC4888-58C4-49DF-B34B-EFA9A568B219}.Debug|Any CPU.Build.0 = Debug|Any CPU
		{7AEC4888-58C4-49DF-B34B-EFA9A568B219}.Release|Any CPU.ActiveCfg = Release|Any CPU
		{7AEC4888-58C4-49DF-B34B-EFA9A568B219}.Release|Any CPU.Build.0 = Release|Any CPU
		{C433BCBD-4D42-41E5-8301-EBD4959DC037}.Debug|Any CPU.ActiveCfg = Debug|Any CPU
		{C433BCBD-4D42-41E5-8301-EBD4959DC037}.Debug|Any CPU.Build.0 = Debug|Any CPU
		{C433BCBD-4D42-41E5-8301-EBD4959DC037}.Release|Any CPU.ActiveCfg = Release|Any CPU
		{C433BCBD-4D42-41E5-8301-EBD4959DC037}.Release|Any CPU.Build.0 = Release|Any CPU
		{D2651891-8E25-47BA-BF70-1CE8A6ECA899}.Debug|Any CPU.ActiveCfg = Debug|Any CPU
		{D2651891-8E25-47BA-BF70-1CE8A6ECA899}.Debug|Any CPU.Build.0 = Debug|Any CPU
		{D2651891-8E25-47BA-BF70-1CE8A6ECA899}.Release|Any CPU.ActiveCfg = Release|Any CPU
		{D2651891-8E25-47BA-BF70-1CE8A6ECA899}.Release|Any CPU.Build.0 = Release|Any CPU
		{E4C8EAAF-D391-4BFE-874D-40747CA9E606}.Debug|Any CPU.ActiveCfg = Debug|Any CPU
		{E4C8EAAF-D391-4BFE-874D-40747CA9E606}.Debug|Any CPU.Build.0 = Debug|Any CPU
		{E4C8EAAF-D391-4BFE-874D-40747CA9E606}.Release|Any CPU.ActiveCfg = Release|Any CPU
		{E4C8EAAF-D391-4BFE-874D-40747CA9E606}.Release|Any CPU.Build.0 = Release|Any CPU
		{0E43F3C7-5FA6-4E7D-A95D-E73A5E7D68E9}.Debug|Any CPU.ActiveCfg = Debug|Any CPU
		{0E43F3C7-5FA6-4E7D-A95D-E73A5E7D68E9}.Debug|Any CPU.Build.0 = Debug|Any CPU
		{0E43F3C7-5FA6-4E7D-A95D-E73A5E7D68E9}.Release|Any CPU.ActiveCfg = Release|Any CPU
		{0E43F3C7-5FA6-4E7D-A95D-E73A5E7D68E9}.Release|Any CPU.Build.0 = Release|Any CPU
		{4169A8B8-C7B6-4865-9A21-18C0A0120590}.Debug|Any CPU.ActiveCfg = Debug|Any CPU
		{4169A8B8-C7B6-4865-9A21-18C0A0120590}.Debug|Any CPU.Build.0 = Debug|Any CPU
		{4169A8B8-C7B6-4865-9A21-18C0A0120590}.Release|Any CPU.ActiveCfg = Release|Any CPU
		{4169A8B8-C7B6-4865-9A21-18C0A0120590}.Release|Any CPU.Build.0 = Release|Any CPU
		{6E232141-30BC-4E85-9A08-676E4CB9B314}.Debug|Any CPU.ActiveCfg = Debug|Any CPU
		{6E232141-30BC-4E85-9A08-676E4CB9B314}.Debug|Any CPU.Build.0 = Debug|Any CPU
		{6E232141-30BC-4E85-9A08-676E4CB9B314}.Release|Any CPU.ActiveCfg = Release|Any CPU
		{6E232141-30BC-4E85-9A08-676E4CB9B314}.Release|Any CPU.Build.0 = Release|Any CPU
	EndGlobalSection
	GlobalSection(SolutionProperties) = preSolution
		HideSolutionNode = FALSE
	EndGlobalSection
	GlobalSection(NestedProjects) = preSolution
		{7955A159-30DE-441E-A1DB-8908F70B6179} = {0E39D253-A6EA-4C75-9FAB-0AB13A05168A}
		{BBD09574-2736-44AA-82ED-C022FA48831B} = {0E39D253-A6EA-4C75-9FAB-0AB13A05168A}
		{7AEC4888-58C4-49DF-B34B-EFA9A568B219} = {0E39D253-A6EA-4C75-9FAB-0AB13A05168A}
		{C433BCBD-4D42-41E5-8301-EBD4959DC037} = {894287A7-0EC7-4C8A-94BB-11526B3C235A}
		{D2651891-8E25-47BA-BF70-1CE8A6ECA899} = {894287A7-0EC7-4C8A-94BB-11526B3C235A}
		{E4C8EAAF-D391-4BFE-874D-40747CA9E606} = {894287A7-0EC7-4C8A-94BB-11526B3C235A}
		{0E43F3C7-5FA6-4E7D-A95D-E73A5E7D68E9} = {08ACDDA5-DC3E-429E-9884-935932633F14}
		{4169A8B8-C7B6-4865-9A21-18C0A0120590} = {08ACDDA5-DC3E-429E-9884-935932633F14}
		{6E232141-30BC-4E85-9A08-676E4CB9B314} = {08ACDDA5-DC3E-429E-9884-935932633F14}
	EndGlobalSection
	GlobalSection(ExtensibilityGlobals) = postSolution
		SolutionGuid = {D81FFCE0-E8E5-4176-8C7B-0A7009A68889}
	EndGlobalSection
EndGlobal
